
Microsoft Visual Studio Solution File, Format Version 12.00
# Visual Studio 15
VisualStudioVersion = 15.0.28307.1525
MinimumVisualStudioVersion = 10.0.40219.1
Project("{9A19103F-16F7-4668-BE54-9A1E7A4F7556}") = "Kusto.Language", "src\Kusto.Language\Kusto.Language.csproj", "{2E9F517D-A29B-43FC-94EB-D878DD2B3824}"
EndProject
Project("{9A19103F-16F7-4668-BE54-9A1E7A4F7556}") = "Kusto.Language.Bridge", "src\Kusto.Language.Bridge\Kusto.Language.Bridge.csproj", "{8F2F3D01-D8AA-4840-8375-DDAA622ACCA2}"
EndProject
Global
	GlobalSection(SolutionConfigurationPlatforms) = preSolution
		Debug|Any CPU = Debug|Any CPU
		Release|Any CPU = Release|Any CPU
	EndGlobalSection
	GlobalSection(ProjectConfigurationPlatforms) = postSolution
		{2E9F517D-A29B-43FC-94EB-D878DD2B3824}.Debug|Any CPU.ActiveCfg = Debug|Any CPU
		{2E9F517D-A29B-43FC-94EB-D878DD2B3824}.Debug|Any CPU.Build.0 = Debug|Any CPU
		{2E9F517D-A29B-43FC-94EB-D878DD2B3824}.Release|Any CPU.ActiveCfg = Release|Any CPU
		{2E9F517D-A29B-43FC-94EB-D878DD2B3824}.Release|Any CPU.Build.0 = Release|Any CPU
		{8F2F3D01-D8AA-4840-8375-DDAA622ACCA2}.Debug|Any CPU.ActiveCfg = Debug|Any CPU
		{8F2F3D01-D8AA-4840-8375-DDAA622ACCA2}.Debug|Any CPU.Build.0 = Debug|Any CPU
		{8F2F3D01-D8AA-4840-8375-DDAA622ACCA2}.Release|Any CPU.ActiveCfg = Release|Any CPU
		{8F2F3D01-D8AA-4840-8375-DDAA622ACCA2}.Release|Any CPU.Build.0 = Release|Any CPU
	EndGlobalSection
	GlobalSection(SolutionProperties) = preSolution
		HideSolutionNode = FALSE
	EndGlobalSection
	GlobalSection(ExtensibilityGlobals) = postSolution
		SolutionGuid = {5715C199-1E51-4A5F-861C-3E9208F7D284}
	EndGlobalSection
EndGlobal
