
Microsoft Visual Studio Solution File, Format Version 12.00
# Visual Studio Version 16
VisualStudioVersion = 16.0.31321.278
MinimumVisualStudioVersion = 10.0.40219.1
Project("{9A19103F-16F7-4668-BE54-9A1E7A4F7556}") = "Kusto.Language", "Kusto.Language.csproj", "{22912C16-ED3E-4C07-98E5-EE640D93B197}"
EndProject
Project("{FAE04EC0-301F-11D3-BF4B-00C04F79EFBC}") = "TestProject1", "..\TestProject1\TestProject1.csproj", "{34F495D1-7382-486D-92D6-81923B4B092E}"
EndProject
Project("{FAE04EC0-301F-11D3-BF4B-00C04F79EFBC}") = "Test", "..\Test\Test.csproj", "{4BE7E2F3-5353-42DF-9E62-95D8503CFC56}"
EndProject
Global
	GlobalSection(SolutionConfigurationPlatforms) = preSolution
		Debug|Any CPU = Debug|Any CPU
		Release|Any CPU = Release|Any CPU
	EndGlobalSection
	GlobalSection(ProjectConfigurationPlatforms) = postSolution
		{22912C16-ED3E-4C07-98E5-EE640D93B197}.Debug|Any CPU.ActiveCfg = Debug|Any CPU
		{22912C16-ED3E-4C07-98E5-EE640D93B197}.Debug|Any CPU.Build.0 = Debug|Any CPU
		{22912C16-ED3E-4C07-98E5-EE640D93B197}.Release|Any CPU.ActiveCfg = Release|Any CPU
		{22912C16-ED3E-4C07-98E5-EE640D93B197}.Release|Any CPU.Build.0 = Release|Any CPU
		{34F495D1-7382-486D-92D6-81923B4B092E}.Debug|Any CPU.ActiveCfg = Debug|Any CPU
		{34F495D1-7382-486D-92D6-81923B4B092E}.Debug|Any CPU.Build.0 = Debug|Any CPU
		{34F495D1-7382-486D-92D6-81923B4B092E}.Release|Any CPU.ActiveCfg = Release|Any CPU
		{34F495D1-7382-486D-92D6-81923B4B092E}.Release|Any CPU.Build.0 = Release|Any CPU
		{4BE7E2F3-5353-42DF-9E62-95D8503CFC56}.Debug|Any CPU.ActiveCfg = Debug|Any CPU
		{4BE7E2F3-5353-42DF-9E62-95D8503CFC56}.Debug|Any CPU.Build.0 = Debug|Any CPU
		{4BE7E2F3-5353-42DF-9E62-95D8503CFC56}.Release|Any CPU.ActiveCfg = Release|Any CPU
		{4BE7E2F3-5353-42DF-9E62-95D8503CFC56}.Release|Any CPU.Build.0 = Release|Any CPU
	EndGlobalSection
	GlobalSection(SolutionProperties) = preSolution
		HideSolutionNode = FALSE
	EndGlobalSection
	GlobalSection(ExtensibilityGlobals) = postSolution
		SolutionGuid = {139DE504-4A2F-414E-8409-8044EA49914D}
	EndGlobalSection
EndGlobal
